lockfileVersion: '9.0'

settings:
  autoInstallPeers: true
  excludeLinksFromLockfile: false

importers:

  .:
    dependencies:
      bun:
        specifier: ^1.3.13
        version: 1.3.13

packages:

  '@oven/bun-darwin-aarch64@1.3.13':
    resolution: {integrity: sha512-qAS6Hg8Q14ckfBuqJ2Zh7gBQSVSUHeibSq4OFqBTv6DzyJuxYlr0sdYQzmYmnbPxbqobekqUDTa/4XEaqRi7vg==}
    cpu: [arm64]
    os: [darwin]

  '@oven/bun-darwin-x64-baseline@1.3.13':
    resolution: {integrity: sha512-gMEQayUpmCPYaE9zkNBj9TiQqHupnhjOYcuSzxFjzIjHJBUO4VjNnrpbKVeXNs+rKHFothORDd2QKquu5paSPQ==}
    cpu: [x64]
    os: [darwin]

  '@oven/bun-darwin-x64@1.3.13':
    resolution: {integrity: sha512-kGePeDD4IN4imo+H4uLjQGZLmvyYQg+nKr2P0nt4ksXXrWA4HE+mb0/TUPHfRI127DocXQpew+fvrHuHR5mpJQ==}
    cpu: [x64]
    os: [darwin]

  '@oven/bun-linux-aarch64-musl@1.3.13':
    resolution: {integrity: sha512-UV9EE18VE5aRhWtV2L6MTAGGn3slhJJ2OW/m+FJM15maHm0qf1V7TaZY0FovxhdQRvnklSiQ7Ntv0H5TUX4w0g==}
    cpu: [arm64]
    os: [linux]

  '@oven/bun-linux-aarch64@1.3.13':
    resolution: {integrity: sha512-NbLOJdr+RBFO1vFZ2YUFg4oVJ+2ua6zrwo4ZWRs0jKKcGJWtbY2wY5uz+i0PkwH6b9HYaYDgVTzE4ev06ncYZw==}
    cpu: [arm64]
    os: [linux]

  '@oven/bun-linux-x64-baseline@1.3.13':
    resolution: {integrity: sha512-fOi4ziKzgJG4UrrNd4AicBs6Fu9GY5xOqg+9tC76nuZNDAdSh6++kzab6TNi1Ck0Yzq6zIBIdGit6/0uSbBn8A==}
    cpu: [x64]
    os: [linux]

  '@oven/bun-linux-x64-musl-baseline@1.3.13':
    resolution: {integrity: sha512-fqBKuiiWLEu2dVkowZaXgKS98xfrvBqivdoxRtRP3eINcpI1dcelGbsOz+Xphn7tbGAuBiE1/0AelvvvdqS9rg==}
    cpu: [x64]
    os: [linux]

  '@oven/bun-linux-x64-musl@1.3.13':
    resolution: {integrity: sha512-+VHhE44kEjCXcTFHyc81zfTxL9+vzh9RqIh7gM1iWNhxpctD9kzntbUkP3UTFTwwNjoou1o8VRyxQafvc4OepA==}
    cpu: [x64]
    os: [linux]

  '@oven/bun-linux-x64@1.3.13':
    resolution: {integrity: sha512-UwttIUXoe9fS+40OcjoaRHgZw+HCPFqBVWEXkXqAJ3W7wA0XPZrWsoMAD9sGh3TaLqrwdiMo5xPogwpXhOtVXA==}
    cpu: [x64]
    os: [linux]

  '@oven/bun-windows-aarch64@1.3.13':
    resolution: {integrity: sha512-+EvdRWRCRg95Xea4M2lqSJFTjzQBTJDQTMlbG8bmwFkVTN16MdmSH7xhfxVQWUOyZBLEpIwuNFIlBBxVCwSUyQ==}
    cpu: [arm64]
    os: [win32]

  '@oven/bun-windows-x64-baseline@1.3.13':
    resolution: {integrity: sha512-6gy4hhQSjq/T/S9hC9m3NxY0RY+9Ww+XNlB+8koIMTsMSYEjk7Ho+hFHQz1Bn4W61Ub7Vykufg+jgDgPfa2GFA==}
    cpu: [x64]
    os: [win32]

  '@oven/bun-windows-x64@1.3.13':
    resolution: {integrity: sha512-vqDEFX63ZZQF3YstPSpPD+RxNm5AILPdUuuKpNwsj7ld4NjhdHUYkAmLXDtKNWt9JMRL10bop//W8faY/LV+RQ==}
    cpu: [x64]
    os: [win32]

  bun@1.3.13:
    resolution: {integrity: sha512-b9T4xZ8KqCHs4+TkHJv540LG1B8OD7noKu0Qaizusx3jFtMDHY6osNqgbaOlwW2B8RB2AKzz+sjzlGKIGxIjZw==}
    cpu: [arm64, x64]
    os: [darwin, linux, win32]
    hasBin: true

snapshots:

  '@oven/bun-darwin-aarch64@1.3.13':
    optional: true

  '@oven/bun-darwin-x64-baseline@1.3.13':
    optional: true

  '@oven/bun-darwin-x64@1.3.13':
    optional: true

  '@oven/bun-linux-aarch64-musl@1.3.13':
    optional: true

  '@oven/bun-linux-aarch64@1.3.13':
    optional: true

  '@oven/bun-linux-x64-baseline@1.3.13':
    optional: true

  '@oven/bun-linux-x64-musl-baseline@1.3.13':
    optional: true

  '@oven/bun-linux-x64-musl@1.3.13':
    optional: true

  '@oven/bun-linux-x64@1.3.13':
    optional: true

  '@oven/bun-windows-aarch64@1.3.13':
    optional: true

  '@oven/bun-windows-x64-baseline@1.3.13':
    optional: true

  '@oven/bun-windows-x64@1.3.13':
    optional: true

  bun@1.3.13:
    optionalDependencies:
      '@oven/bun-darwin-aarch64': 1.3.13
      '@oven/bun-darwin-x64': 1.3.13
      '@oven/bun-darwin-x64-baseline': 1.3.13
      '@oven/bun-linux-aarch64': 1.3.13
      '@oven/bun-linux-aarch64-musl': 1.3.13
      '@oven/bun-linux-x64': 1.3.13
      '@oven/bun-linux-x64-baseline': 1.3.13
      '@oven/bun-linux-x64-musl': 1.3.13
      '@oven/bun-linux-x64-musl-baseline': 1.3.13
      '@oven/bun-windows-aarch64': 1.3.13
      '@oven/bun-windows-x64': 1.3.13
      '@oven/bun-windows-x64-baseline': 1.3.13
